
Microsoft Visual Studio Solution File, Format Version 12.00
# Visual Studio Version 17
VisualStudioVersion = 17.14.37411.7 d17.14
MinimumVisualStudioVersion = 10.0.40219.1
Project("{888888A0-9F3D-457C-B088-3A5042F75D52}") = "Freebies", "Freebies\Freebies.pyproj", "{C7AA49C5-CDBD-4001-8BC1-BB0CD783957A}"
EndProject
Global
	GlobalSection(SolutionConfigurationPlatforms) = preSolution
		Debug|Any CPU = Debug|Any CPU
		Release|Any CPU = Release|Any CPU
	EndGlobalSection
	GlobalSection(ProjectConfigurationPlatforms) = postSolution
		{C7AA49C5-CDBD-4001-8BC1-BB0CD783957A}.Debug|Any CPU.ActiveCfg = Debug|Any CPU
		{C7AA49C5-CDBD-4001-8BC1-BB0CD783957A}.Release|Any CPU.ActiveCfg = Release|Any CPU
	EndGlobalSection
	GlobalSection(SolutionProperties) = preSolution
		HideSolutionNode = FALSE
	EndGlobalSection
	GlobalSection(ExtensibilityGlobals) = postSolution
		SolutionGuid = {505A5C0B-FCDC-4776-8713-3406BEA36CEE}
	EndGlobalSection
EndGlobal
