
Microsoft Visual Studio Solution File, Format Version 12.00
# Visual Studio Version 17
VisualStudioVersion = 17.14.37411.7 d17.14
MinimumVisualStudioVersion = 10.0.40219.1
Project("{888888A0-9F3D-457C-B088-3A5042F75D52}") = "Looping the Rooms", "Looping the Rooms\Looping the Rooms.pyproj", "{D934F8F3-6231-4428-ACE2-C03EED1D78FC}"
EndProject
Global
	GlobalSection(SolutionConfigurationPlatforms) = preSolution
		Debug|Any CPU = Debug|Any CPU
		Release|Any CPU = Release|Any CPU
	EndGlobalSection
	GlobalSection(ProjectConfigurationPlatforms) = postSolution
		{D934F8F3-6231-4428-ACE2-C03EED1D78FC}.Debug|Any CPU.ActiveCfg = Debug|Any CPU
		{D934F8F3-6231-4428-ACE2-C03EED1D78FC}.Release|Any CPU.ActiveCfg = Release|Any CPU
	EndGlobalSection
	GlobalSection(SolutionProperties) = preSolution
		HideSolutionNode = FALSE
	EndGlobalSection
	GlobalSection(ExtensibilityGlobals) = postSolution
		SolutionGuid = {EBBDF6BA-7ADD-4FEA-8F76-8831D417AD3C}
	EndGlobalSection
EndGlobal
