
Microsoft Visual Studio Solution File, Format Version 12.00
# Visual Studio Version 17
VisualStudioVersion = 17.14.37411.7 d17.14
MinimumVisualStudioVersion = 10.0.40219.1
Project("{888888A0-9F3D-457C-B088-3A5042F75D52}") = "Quiz Uno", "Quiz Uno\Quiz Uno.pyproj", "{4D160A7F-98F6-4A2C-99E1-7629A88F105F}"
EndProject
Global
	GlobalSection(SolutionConfigurationPlatforms) = preSolution
		Debug|Any CPU = Debug|Any CPU
		Release|Any CPU = Release|Any CPU
	EndGlobalSection
	GlobalSection(ProjectConfigurationPlatforms) = postSolution
		{4D160A7F-98F6-4A2C-99E1-7629A88F105F}.Debug|Any CPU.ActiveCfg = Debug|Any CPU
		{4D160A7F-98F6-4A2C-99E1-7629A88F105F}.Release|Any CPU.ActiveCfg = Release|Any CPU
	EndGlobalSection
	GlobalSection(SolutionProperties) = preSolution
		HideSolutionNode = FALSE
	EndGlobalSection
	GlobalSection(ExtensibilityGlobals) = postSolution
		SolutionGuid = {908AAE22-19D4-4C97-B544-ACAE693AE310}
	EndGlobalSection
EndGlobal
